
Microsoft Visual Studio Solution File, Format Version 12.00
# Visual Studio 15
VisualStudioVersion = 15.0.28307.168
MinimumVisualStudioVersion = 10.0.40219.1
Project("{9A19103F-16F7-4668-BE54-9A1E7A4F7556}") = "Calendar.Api", "Calendar.Api\Calendar.Api.csproj", "{FDFA8895-8519-4346-B7B1-C519DE0E6DE5}"
EndProject
Project("{FAE04EC0-301F-11D3-BF4B-00C04F79EFBC}") = "Calendar.Client", "Calendar.Client\Calendar.Client.csproj", "{3EBF1670-FD81-4306-861C-CEBD8E55CB20}"
EndProject
Project("{9A19103F-16F7-4668-BE54-9A1E7A4F7556}") = "Calendar.Library", "Calendar.Library\Calendar.Library.csproj", "{07A21451-58F0-4115-8F3C-06F19F822363}"
EndProject
Project("{9A19103F-16F7-4668-BE54-9A1E7A4F7556}") = "Calendar.DataAccess", "Calendar.DataAccess\Calendar.DataAccess.csproj", "{326BC455-C32A-46FD-B5EA-C16EFE092DA6}"
EndProject
Project("{FAE04EC0-301F-11D3-BF4B-00C04F79EFBC}") = "Calendar.Service", "Calendar.Service\Calendar.Service.csproj", "{E21F0F2C-3B3A-43A0-BF23-53073189D988}"
EndProject
Global
	GlobalSection(SolutionConfigurationPlatforms) = preSolution
		Debug|Any CPU = Debug|Any CPU
		Release|Any CPU = Release|Any CPU
	EndGlobalSection
	GlobalSection(ProjectConfigurationPlatforms) = postSolution
		{FDFA8895-8519-4346-B7B1-C519DE0E6DE5}.Debug|Any CPU.ActiveCfg = Debug|Any CPU
		{FDFA8895-8519-4346-B7B1-C519DE0E6DE5}.Debug|Any CPU.Build.0 = Debug|Any CPU
		{FDFA8895-8519-4346-B7B1-C519DE0E6DE5}.Release|Any CPU.ActiveCfg = Release|Any CPU
		{FDFA8895-8519-4346-B7B1-C519DE0E6DE5}.Release|Any CPU.Build.0 = Release|Any CPU
		{3EBF1670-FD81-4306-861C-CEBD8E55CB20}.Debug|Any CPU.ActiveCfg = Debug|Any CPU
		{3EBF1670-FD81-4306-861C-CEBD8E55CB20}.Debug|Any CPU.Build.0 = Debug|Any CPU
		{3EBF1670-FD81-4306-861C-CEBD8E55CB20}.Release|Any CPU.ActiveCfg = Release|Any CPU
		{3EBF1670-FD81-4306-861C-CEBD8E55CB20}.Release|Any CPU.Build.0 = Release|Any CPU
		{07A21451-58F0-4115-8F3C-06F19F822363}.Debug|Any CPU.ActiveCfg = Debug|Any CPU
		{07A21451-58F0-4115-8F3C-06F19F822363}.Debug|Any CPU.Build.0 = Debug|Any CPU
		{07A21451-58F0-4115-8F3C-06F19F822363}.Release|Any CPU.ActiveCfg = Release|Any CPU
		{07A21451-58F0-4115-8F3C-06F19F822363}.Release|Any CPU.Build.0 = Release|Any CPU
		{326BC455-C32A-46FD-B5EA-C16EFE092DA6}.Debug|Any CPU.ActiveCfg = Debug|Any CPU
		{326BC455-C32A-46FD-B5EA-C16EFE092DA6}.Debug|Any CPU.Build.0 = Debug|Any CPU
		{326BC455-C32A-46FD-B5EA-C16EFE092DA6}.Release|Any CPU.ActiveCfg = Release|Any CPU
		{326BC455-C32A-46FD-B5EA-C16EFE092DA6}.Release|Any CPU.Build.0 = Release|Any CPU
		{E21F0F2C-3B3A-43A0-BF23-53073189D988}.Debug|Any CPU.ActiveCfg = Debug|Any CPU
		{E21F0F2C-3B3A-43A0-BF23-53073189D988}.Debug|Any CPU.Build.0 = Debug|Any CPU
		{E21F0F2C-3B3A-43A0-BF23-53073189D988}.Release|Any CPU.ActiveCfg = Release|Any CPU
		{E21F0F2C-3B3A-43A0-BF23-53073189D988}.Release|Any CPU.Build.0 = Release|Any CPU
	EndGlobalSection
	GlobalSection(SolutionProperties) = preSolution
		HideSolutionNode = FALSE
	EndGlobalSection
	GlobalSection(ExtensibilityGlobals) = postSolution
		SolutionGuid = {3B439A97-BF24-41EE-AE49-57AC180CE036}
	EndGlobalSection
EndGlobal
