
Microsoft Visual Studio Solution File, Format Version 12.00
# Visual Studio 15
VisualStudioVersion = 15.0.28307.168
MinimumVisualStudioVersion = 10.0.40219.1
Project("{FAE04EC0-301F-11D3-BF4B-00C04F79EFBC}") = "Calendar.Api", "Calendar.Api\Calendar.Api.csproj", "{FDFA8895-8519-4346-B7B1-C519DE0E6DE5}"
EndProject
Project("{FAE04EC0-301F-11D3-BF4B-00C04F79EFBC}") = "Calendar.Client", "Calendar.Client\Calendar.Client.csproj", "{3EBF1670-FD81-4306-861C-CEBD8E55CB20}"
EndProject
Global
	GlobalSection(SolutionConfigurationPlatforms) = preSolution
		Debug|Any CPU = Debug|Any CPU
		Release|Any CPU = Release|Any CPU
	EndGlobalSection
	GlobalSection(ProjectConfigurationPlatforms) = postSolution
		{FDFA8895-8519-4346-B7B1-C519DE0E6DE5}.Debug|Any CPU.ActiveCfg = Debug|Any CPU
		{FDFA8895-8519-4346-B7B1-C519DE0E6DE5}.Debug|Any CPU.Build.0 = Debug|Any CPU
		{FDFA8895-8519-4346-B7B1-C519DE0E6DE5}.Release|Any CPU.ActiveCfg = Release|Any CPU
		{FDFA8895-8519-4346-B7B1-C519DE0E6DE5}.Release|Any CPU.Build.0 = Release|Any CPU
		{3EBF1670-FD81-4306-861C-CEBD8E55CB20}.Debug|Any CPU.ActiveCfg = Debug|Any CPU
		{3EBF1670-FD81-4306-861C-CEBD8E55CB20}.Debug|Any CPU.Build.0 = Debug|Any CPU
		{3EBF1670-FD81-4306-861C-CEBD8E55CB20}.Release|Any CPU.ActiveCfg = Release|Any CPU
		{3EBF1670-FD81-4306-861C-CEBD8E55CB20}.Release|Any CPU.Build.0 = Release|Any CPU
	EndGlobalSection
	GlobalSection(SolutionProperties) = preSolution
		HideSolutionNode = FALSE
	EndGlobalSection
	GlobalSection(ExtensibilityGlobals) = postSolution
		SolutionGuid = {3B439A97-BF24-41EE-AE49-57AC180CE036}
	EndGlobalSection
EndGlobal
